
Microsoft Visual Studio Solution File, Format Version 12.00
# Visual Studio 14
VisualStudioVersion = 14.0.25420.1
MinimumVisualStudioVersion = 10.0.40219.1
Project("{FAE04EC0-301F-11D3-BF4B-00C04F79EFBC}") = "TNCService", "TNCService\TNCService.csproj", "{2DB6A83E-59F4-41F1-BF20-ED8678BE570D}"
EndProject
Project("{FAE04EC0-301F-11D3-BF4B-00C04F79EFBC}") = "TNCService.Tests", "TNCService.Tests\TNCService.Tests.csproj", "{9C47B1EC-9C9D-4455-8130-4ED681472EC6}"
EndProject
Global
	GlobalSection(SolutionConfigurationPlatforms) = preSolution
		Debug|Any CPU = Debug|Any CPU
		Release|Any CPU = Release|Any CPU
	EndGlobalSection
	GlobalSection(ProjectConfigurationPlatforms) = postSolution
		{2DB6A83E-59F4-41F1-BF20-ED8678BE570D}.Debug|Any CPU.ActiveCfg = Debug|Any CPU
		{2DB6A83E-59F4-41F1-BF20-ED8678BE570D}.Debug|Any CPU.Build.0 = Debug|Any CPU
		{2DB6A83E-59F4-41F1-BF20-ED8678BE570D}.Release|Any CPU.ActiveCfg = Release|Any CPU
		{2DB6A83E-59F4-41F1-BF20-ED8678BE570D}.Release|Any CPU.Build.0 = Release|Any CPU
		{9C47B1EC-9C9D-4455-8130-4ED681472EC6}.Debug|Any CPU.ActiveCfg = Debug|Any CPU
		{9C47B1EC-9C9D-4455-8130-4ED681472EC6}.Debug|Any CPU.Build.0 = Debug|Any CPU
		{9C47B1EC-9C9D-4455-8130-4ED681472EC6}.Release|Any CPU.ActiveCfg = Release|Any CPU
		{9C47B1EC-9C9D-4455-8130-4ED681472EC6}.Release|Any CPU.Build.0 = Release|Any CPU
	EndGlobalSection
	GlobalSection(SolutionProperties) = preSolution
		HideSolutionNode = FALSE
	EndGlobalSection
EndGlobal
